{
  "originHash" : "c64d7036266ca939aed97847d764691b427d673b4abd0996d3b208301a23f460",
  "pins" : [
    {
      "identity" : "dznemptydataset",
      "kind" : "remoteSourceControl",
      "location" : "https://github.com/dzenbot/DZNEmptyDataSet",
      "state" : {
        "branch" : "master",
        "revision" : "9bffa69a83a9fa58a14b3cf43cb6dd8a63774179"
      }
    },
    {
      "identity" : "markdownview",
      "kind" : "remoteSourceControl",
      "location" : "https://github.com/keitaoouchi/MarkdownView",
      "state" : {
        "revision" : "5e62a27f1002cd63c350ef1a4c640ddcd1f1ed48",
        "version" : "1.9.1"
      }
    },
    {
      "identity" : "viewinspector",
      "kind" : "remoteSourceControl",
      "location" : "https://github.com/nalexn/ViewInspector",
      "state" : {
        "revision" : "a6fcac8485bc8f57b2d2b55bb6d97138e8659e4b",
        "version" : "0.10.2"
      }
    },
    {
      "identity" : "zephyr",
      "kind" : "remoteSourceControl",
      "location" : "https://github.com/ArtSabintsev/Zephyr",
      "state" : {
        "revision" : "b0dda179006b354680b1df96e279134a704b0c06",
        "version" : "3.8.0"
      }
    }
  ],
  "version" : 3
}
